
Microsoft Visual Studio Solution File, Format Version 12.00
# Visual Studio 2013
VisualStudioVersion = 12.0.40629.0
MinimumVisualStudioVersion = 10.0.40219.1
Project("{FAE04EC0-301F-11D3-BF4B-00C04F79EFBC}") = "JustEat.Services", "JustEat.Services\JustEat.Services.csproj", "{EAEFA2A7-6BF0-4C35-AD30-6C92D749B926}"
EndProject
Project("{FAE04EC0-301F-11D3-BF4B-00C04F79EFBC}") = "JustEat.Tests", "JustEat.Tests\JustEat.Tests.csproj", "{3E70877E-C5F4-4CC5-92AC-6D72756E9EAC}"
EndProject
Project("{FAE04EC0-301F-11D3-BF4B-00C04F79EFBC}") = "JustEat.Tests.Integration", "JustEat.Tests.Integration\JustEat.Tests.Integration.csproj", "{9F9E5479-F2E4-4F8F-B578-8AF46FE3BF0D}"
EndProject
Global
	GlobalSection(SolutionConfigurationPlatforms) = preSolution
		Debug|Any CPU = Debug|Any CPU
		Release|Any CPU = Release|Any CPU
	EndGlobalSection
	GlobalSection(ProjectConfigurationPlatforms) = postSolution
		{EAEFA2A7-6BF0-4C35-AD30-6C92D749B926}.Debug|Any CPU.ActiveCfg = Debug|Any CPU
		{EAEFA2A7-6BF0-4C35-AD30-6C92D749B926}.Debug|Any CPU.Build.0 = Debug|Any CPU
		{EAEFA2A7-6BF0-4C35-AD30-6C92D749B926}.Release|Any CPU.ActiveCfg = Release|Any CPU
		{EAEFA2A7-6BF0-4C35-AD30-6C92D749B926}.Release|Any CPU.Build.0 = Release|Any CPU
		{3E70877E-C5F4-4CC5-92AC-6D72756E9EAC}.Debug|Any CPU.ActiveCfg = Debug|Any CPU
		{3E70877E-C5F4-4CC5-92AC-6D72756E9EAC}.Debug|Any CPU.Build.0 = Debug|Any CPU
		{3E70877E-C5F4-4CC5-92AC-6D72756E9EAC}.Release|Any CPU.ActiveCfg = Release|Any CPU
		{3E70877E-C5F4-4CC5-92AC-6D72756E9EAC}.Release|Any CPU.Build.0 = Release|Any CPU
		{9F9E5479-F2E4-4F8F-B578-8AF46FE3BF0D}.Debug|Any CPU.ActiveCfg = Debug|Any CPU
		{9F9E5479-F2E4-4F8F-B578-8AF46FE3BF0D}.Debug|Any CPU.Build.0 = Debug|Any CPU
		{9F9E5479-F2E4-4F8F-B578-8AF46FE3BF0D}.Release|Any CPU.ActiveCfg = Release|Any CPU
		{9F9E5479-F2E4-4F8F-B578-8AF46FE3BF0D}.Release|Any CPU.Build.0 = Release|Any CPU
	EndGlobalSection
	GlobalSection(SolutionProperties) = preSolution
		HideSolutionNode = FALSE
	EndGlobalSection
EndGlobal
